
Microsoft Visual Studio Solution File, Format Version 12.00
# Visual Studio Version 16
VisualStudioVersion = 16.0.29728.190
MinimumVisualStudioVersion = 10.0.40219.1
Project("{FAE04EC0-301F-11D3-BF4B-00C04F79EFBC}") = "StudentDailyReport", "StudentDailyReport.csproj", "{B02567D7-0EA5-458F-90A2-9CA2EF20A8DD}"
EndProject
Global
	GlobalSection(SolutionConfigurationPlatforms) = preSolution
		Debug|Any CPU = Debug|Any CPU
		Release|Any CPU = Release|Any CPU
	EndGlobalSection
	GlobalSection(ProjectConfigurationPlatforms) = postSolution
		{B02567D7-0EA5-458F-90A2-9CA2EF20A8DD}.Debug|Any CPU.ActiveCfg = Debug|Any CPU
		{B02567D7-0EA5-458F-90A2-9CA2EF20A8DD}.Debug|Any CPU.Build.0 = Debug|Any CPU
		{B02567D7-0EA5-458F-90A2-9CA2EF20A8DD}.Release|Any CPU.ActiveCfg = Release|Any CPU
		{B02567D7-0EA5-458F-90A2-9CA2EF20A8DD}.Release|Any CPU.Build.0 = Release|Any CPU
	EndGlobalSection
	GlobalSection(SolutionProperties) = preSolution
		HideSolutionNode = FALSE
	EndGlobalSection
	GlobalSection(ExtensibilityGlobals) = postSolution
		SolutionGuid = {88101D91-7280-43D3-BFF1-B4FEBBCB1788}
	EndGlobalSection
EndGlobal
