
Microsoft Visual Studio Solution File, Format Version 12.00
# Visual Studio Version 16
VisualStudioVersion = 16.0.29709.97
MinimumVisualStudioVersion = 10.0.40219.1
Project("{FAE04EC0-301F-11D3-BF4B-00C04F79EFBC}") = "AcmeAccounting", "AcmeAccounting.csproj", "{245A7AE0-D617-4F37-B98B-853202881CCB}"
EndProject
Global
	GlobalSection(SolutionConfigurationPlatforms) = preSolution
		Debug|Any CPU = Debug|Any CPU
		Release|Any CPU = Release|Any CPU
	EndGlobalSection
	GlobalSection(ProjectConfigurationPlatforms) = postSolution
		{245A7AE0-D617-4F37-B98B-853202881CCB}.Debug|Any CPU.ActiveCfg = Debug|Any CPU
		{245A7AE0-D617-4F37-B98B-853202881CCB}.Debug|Any CPU.Build.0 = Debug|Any CPU
		{245A7AE0-D617-4F37-B98B-853202881CCB}.Release|Any CPU.ActiveCfg = Release|Any CPU
		{245A7AE0-D617-4F37-B98B-853202881CCB}.Release|Any CPU.Build.0 = Release|Any CPU
	EndGlobalSection
	GlobalSection(SolutionProperties) = preSolution
		HideSolutionNode = FALSE
	EndGlobalSection
	GlobalSection(ExtensibilityGlobals) = postSolution
		SolutionGuid = {D797B47A-9924-49C1-804F-75714D2AFA80}
	EndGlobalSection
EndGlobal
