
Microsoft Visual Studio Solution File, Format Version 12.00
# Visual Studio Version 16
VisualStudioVersion = 16.0.29806.167
MinimumVisualStudioVersion = 10.0.40219.1
Project("{FAE04EC0-301F-11D3-BF4B-00C04F79EFBC}") = "TwentyOne", "TwentyOne.csproj", "{9D0B9CD2-9873-4DF4-B12F-272B8E7C571B}"
EndProject
Global
	GlobalSection(SolutionConfigurationPlatforms) = preSolution
		Debug|Any CPU = Debug|Any CPU
		Release|Any CPU = Release|Any CPU
	EndGlobalSection
	GlobalSection(ProjectConfigurationPlatforms) = postSolution
		{9D0B9CD2-9873-4DF4-B12F-272B8E7C571B}.Debug|Any CPU.ActiveCfg = Debug|Any CPU
		{9D0B9CD2-9873-4DF4-B12F-272B8E7C571B}.Debug|Any CPU.Build.0 = Debug|Any CPU
		{9D0B9CD2-9873-4DF4-B12F-272B8E7C571B}.Release|Any CPU.ActiveCfg = Release|Any CPU
		{9D0B9CD2-9873-4DF4-B12F-272B8E7C571B}.Release|Any CPU.Build.0 = Release|Any CPU
	EndGlobalSection
	GlobalSection(SolutionProperties) = preSolution
		HideSolutionNode = FALSE
	EndGlobalSection
	GlobalSection(ExtensibilityGlobals) = postSolution
		SolutionGuid = {EC448B64-6A31-4663-90FF-55B91023305F}
	EndGlobalSection
EndGlobal
